{
  "lockfileVersion": 1,
  "configVersion": 1,
  "workspaces": {
    "": {
      "name": "vaers",
      "dependencies": {
        "@duckdb/node-api": "^1.3.4-alpha.27",
        "iconv-lite": "^0.6.3",
      },
    },
  },
  "packages": {
    "@duckdb/node-api": ["@duckdb/node-api@1.3.4-alpha.27", "", { "dependencies": { "@duckdb/node-bindings": "1.3.4-alpha.27" } }, "sha512-XRQYqogzW4FrGzRjXn47d1BB8kY7DPkcU/gtircMtxoK5vYNq4YYCvyLrh/scQWTK3OxgWBNyDQA1TowSMiHqg=="],

    "@duckdb/node-bindings": ["@duckdb/node-bindings@1.3.4-alpha.27", "", { "optionalDependencies": { "@duckdb/node-bindings-darwin-arm64": "1.3.4-alpha.27", "@duckdb/node-bindings-darwin-x64": "1.3.4-alpha.27", "@duckdb/node-bindings-linux-arm64": "1.3.4-alpha.27", "@duckdb/node-bindings-linux-x64": "1.3.4-alpha.27", "@duckdb/node-bindings-win32-x64": "1.3.4-alpha.27" } }, "sha512-PjwplOefq0nGSnGRVetEdV++OmAiIhQSamNuE5p/XTKJoI1NGiwHbY2vuRk+c83U5QSZD7IWU28gANn8SR7Ong=="],

    "@duckdb/node-bindings-darwin-arm64": ["@duckdb/node-bindings-darwin-arm64@1.3.4-alpha.27", "", { "os": "darwin", "cpu": "arm64" }, "sha512-4umj8+qQJ79OegLItnNiacbTQUNW4nnCfldnAStYJb21ZjvlIfq6GPWRnWaZk2LFAn1+4ir8ySDkHZAI4jcUDQ=="],

    "@duckdb/node-bindings-darwin-x64": ["@duckdb/node-bindings-darwin-x64@1.3.4-alpha.27", "", { "os": "darwin", "cpu": "x64" }, "sha512-ZQAvxVxl4D5OHFlICuHs4RT961ZuVLvluvm+Nhgv5sbzh8PU9wO/x4NtfSpx0f82LoItgqUy2wxlpQx4Wdguvg=="],

    "@duckdb/node-bindings-linux-arm64": ["@duckdb/node-bindings-linux-arm64@1.3.4-alpha.27", "", { "os": "linux", "cpu": "arm64" }, "sha512-FGaZVRPhNvCNvlYGNF6MXnsklgBN+EKHaakaASQgS+IAVdojvB0mgpPJ5KapuSxKajZnLzRyng8EBomGq6TYDA=="],

    "@duckdb/node-bindings-linux-x64": ["@duckdb/node-bindings-linux-x64@1.3.4-alpha.27", "", { "os": "linux", "cpu": "x64" }, "sha512-IPOxpEMdVqv7UKl3ffi9MHccX4xAzkFECo+ZWRjTlYAdxfg931bX187XP1H6/nh7aSzrbZq54RzuLXkZ6c1IlA=="],

    "@duckdb/node-bindings-win32-x64": ["@duckdb/node-bindings-win32-x64@1.3.4-alpha.27", "", { "os": "win32", "cpu": "x64" }, "sha512-j8WXM4IVZnOV6m2pbcaXnYmGjGWCpJSyuicwznB2bSSK1DpWia7MlgFa1+lOMfzB0Uzc5vo7ykURuZPbQukK8g=="],

    "iconv-lite": ["iconv-lite@0.6.3", "", { "dependencies": { "safer-buffer": ">= 2.1.2 < 3.0.0" } }, "sha512-4fCk79wshMdzMp2rH06qWrJE4iolqLhCUH+OiuIgU++RB0+94NlDL81atO7GX55uUKueo0txHNtvEyI6D7WdMw=="],

    "safer-buffer": ["safer-buffer@2.1.2", "", {}, "sha512-YZo3K82SD7Riyi0E1EQPojLz7kpepnSQI9IyPbHHg1XXXevb5dJI7tpyN2ADxGcQbHG7vcyRHk0cbwqcQriUtg=="],
  }
}
